{
  "name": "nality",
  "lockfileVersion": 3,
  "requires": true,
  "packages": {
    "": {
      "name": "nality",
      "devDependencies": {
        "turbo": "^1.10.0"
      }
    },
    "apps/web": {
      "version": "0.1.0",
      "extraneous": true,
      "dependencies": {
        "@ai-sdk/google": "^1.2.22",
        "@ai-sdk/react": "^1.2.12",
        "@nality/schema": "workspace:*",
        "@supabase/ssr": "^0.6.1",
        "@supabase/supabase-js": "^2.50.3",
        "ai": "^4.3.19",
        "next": "15.3.5",
        "react": "^19.0.0",
        "react-dom": "^19.0.0",
        "zustand": "^5.0.6"
      },
      "devDependencies": {
        "@eslint/eslintrc": "^3",
        "@types/node": "^20",
        "@types/react": "^19",
        "@types/react-dom": "^19",
        "autoprefixer": "^10",
        "eslint": "^9",
        "eslint-config-next": "15.3.5",
        "postcss": "^8",
        "tailwindcss": "^3.4.0",
        "typescript": "^5"
      }
    },
    "node_modules/.pnpm/turbo@1.10.0/node_modules/turbo": {
      "version": "1.10.0",
      "dev": true,
      "hasInstallScript": true,
      "license": "MPL-2.0",
      "bin": {
        "turbo": "bin/turbo"
      },
      "optionalDependencies": {
        "turbo-darwin-64": "1.10.0",
        "turbo-darwin-arm64": "1.10.0",
        "turbo-linux-64": "1.10.0",
        "turbo-linux-arm64": "1.10.0",
        "turbo-windows-64": "1.10.0",
        "turbo-windows-arm64": "1.10.0"
      }
    },
    "node_modules/turbo": {
      "resolved": "node_modules/.pnpm/turbo@1.10.0/node_modules/turbo",
      "link": true
    },
    "node_modules/turbo-darwin-64": {
      "version": "1.10.0",
      "resolved": "https://registry.npmjs.org/turbo-darwin-64/-/turbo-darwin-64-1.10.0.tgz",
      "integrity": "sha512-N0aVGFtBgOKd7pIdUiKREwnDhNHRIvpMJbmUw04c1AqEoTiKAKT6iuzcCozO5N/gYMVr0hxrXgLal5OLYXtcsw==",
      "cpu": [
        "x64"
      ],
      "dev": true,
      "license": "MPL-2.0",
      "optional": true,
      "os": [
        "darwin"
      ]
    },
    "node_modules/turbo-darwin-arm64": {
      "version": "1.10.0",
      "resolved": "https://registry.npmjs.org/turbo-darwin-arm64/-/turbo-darwin-arm64-1.10.0.tgz",
      "integrity": "sha512-boXzhaHTS5MsTMv48I/JmYp9/fYplXk5nACUDrqV6nD1hzO5PMn5wNg75ATbpkaMaeuD+hjuobeSxn1p4vpqQg==",
      "cpu": [
        "arm64"
      ],
      "dev": true,
      "license": "MPL-2.0",
      "optional": true,
      "os": [
        "darwin"
      ]
    },
    "node_modules/turbo-linux-64": {
      "version": "1.10.0",
      "resolved": "https://registry.npmjs.org/turbo-linux-64/-/turbo-linux-64-1.10.0.tgz",
      "integrity": "sha512-crKQuS1jrp4vp+Th6EmUqqmAlvYNnzGmwWMLeckmYILrV7zAddu87eJu4hB7V6uV+W1qHZUTw8WXa1w1+8boBw==",
      "cpu": [
        "x64"
      ],
      "dev": true,
      "license": "MPL-2.0",
      "optional": true,
      "os": [
        "linux"
      ]
    },
    "node_modules/turbo-linux-arm64": {
      "version": "1.10.0",
      "resolved": "https://registry.npmjs.org/turbo-linux-arm64/-/turbo-linux-arm64-1.10.0.tgz",
      "integrity": "sha512-Y2fhWe0xepLjl7doIvsJK7mp2h8E+OF6qJsUHRgxFeRWQWi1I6clD2aEQeykHK8Tp+qp8pKFMocj32nFBvuCcg==",
      "cpu": [
        "arm64"
      ],
      "dev": true,
      "license": "MPL-2.0",
      "optional": true,
      "os": [
        "linux"
      ]
    },
    "node_modules/turbo-windows-64": {
      "version": "1.10.0",
      "resolved": "https://registry.npmjs.org/turbo-windows-64/-/turbo-windows-64-1.10.0.tgz",
      "integrity": "sha512-uh8rEqH6teaHysEMjinwWBqyNwv4IvgSAwbq/OphP8jObstTYHoR+gFPo8RQUSTaBYy4QVszgi5eO5YLvEQqNA==",
      "cpu": [
        "x64"
      ],
      "dev": true,
      "license": "MPL-2.0",
      "optional": true,
      "os": [
        "win32"
      ]
    },
    "node_modules/turbo-windows-arm64": {
      "version": "1.10.0",
      "resolved": "https://registry.npmjs.org/turbo-windows-arm64/-/turbo-windows-arm64-1.10.0.tgz",
      "integrity": "sha512-JaVj3iM7qyRD6xYGZLL/Gs4mQKfM1zL0f91AwHZLNkk1CrJ6i5kO4ZjhKkwXSpVOTNKW3sX0Q7dExXj85Vv7UQ==",
      "cpu": [
        "arm64"
      ],
      "dev": true,
      "license": "MPL-2.0",
      "optional": true,
      "os": [
        "win32"
      ]
    }
  }
}
